
Microsoft Visual Studio Solution File, Format Version 12.00
# Visual Studio Version 16
VisualStudioVersion = 16.0.32901.82
MinimumVisualStudioVersion = 10.0.40219.1
Project("{FAE04EC0-301F-11D3-BF4B-00C04F79EFBC}") = "lichkab", "lichkab.csproj", "{33330268-70C5-4A43-BD69-4F65B221502D}"
EndProject
Project("{54435603-DBB4-11D2-8724-00A0C9A8B90C}") = "Setup", "..\Setup\Setup.vdproj", "{4A4816B1-7A51-4E9B-BA66-65FA61CE3C24}"
EndProject
Global
	GlobalSection(SolutionConfigurationPlatforms) = preSolution
		Debug|Any CPU = Debug|Any CPU
		Release|Any CPU = Release|Any CPU
	EndGlobalSection
	GlobalSection(ProjectConfigurationPlatforms) = postSolution
		{33330268-70C5-4A43-BD69-4F65B221502D}.Debug|Any CPU.ActiveCfg = Debug|Any CPU
		{33330268-70C5-4A43-BD69-4F65B221502D}.Debug|Any CPU.Build.0 = Debug|Any CPU
		{33330268-70C5-4A43-BD69-4F65B221502D}.Release|Any CPU.ActiveCfg = Release|Any CPU
		{33330268-70C5-4A43-BD69-4F65B221502D}.Release|Any CPU.Build.0 = Release|Any CPU
		{4A4816B1-7A51-4E9B-BA66-65FA61CE3C24}.Debug|Any CPU.ActiveCfg = Debug
		{4A4816B1-7A51-4E9B-BA66-65FA61CE3C24}.Release|Any CPU.ActiveCfg = Release
	EndGlobalSection
	GlobalSection(SolutionProperties) = preSolution
		HideSolutionNode = FALSE
	EndGlobalSection
	GlobalSection(ExtensibilityGlobals) = postSolution
		SolutionGuid = {864423A8-C0D6-4E13-BDF2-0309D4D5A06C}
	EndGlobalSection
EndGlobal
